
Microsoft Visual Studio Solution File, Format Version 12.00
# Visual Studio Version 16
VisualStudioVersion = 16.0.30611.23
MinimumVisualStudioVersion = 10.0.40219.1
Project("{FAE04EC0-301F-11D3-BF4B-00C04F79EFBC}") = "TrailAid.WebAPI", "TrailAid.WebAPI\TrailAid.WebAPI.csproj", "{46CA02C9-C6B0-4768-B94B-E74DC019B81A}"
EndProject
Project("{FAE04EC0-301F-11D3-BF4B-00C04F79EFBC}") = "TrailAid.Data", "TrailAid.Data\TrailAid.Data.csproj", "{C28503FB-487F-4B6C-B431-DF7F9A98737E}"
EndProject
Project("{FAE04EC0-301F-11D3-BF4B-00C04F79EFBC}") = "TrailAid.Services", "TrailAid.Services\TrailAid.Services.csproj", "{058FDE36-6F8A-43C7-AB98-3C72DF23D7C7}"
EndProject
Project("{FAE04EC0-301F-11D3-BF4B-00C04F79EFBC}") = "TrailAid.Models", "TrailAid.Models\TrailAid.Models.csproj", "{5BCF8402-9B31-4ADB-8D86-A80DE04958D9}"
EndProject
Global
	GlobalSection(SolutionConfigurationPlatforms) = preSolution
		Debug|Any CPU = Debug|Any CPU
		Release|Any CPU = Release|Any CPU
	EndGlobalSection
	GlobalSection(ProjectConfigurationPlatforms) = postSolution
		{46CA02C9-C6B0-4768-B94B-E74DC019B81A}.Debug|Any CPU.ActiveCfg = Debug|Any CPU
		{46CA02C9-C6B0-4768-B94B-E74DC019B81A}.Debug|Any CPU.Build.0 = Debug|Any CPU
		{46CA02C9-C6B0-4768-B94B-E74DC019B81A}.Release|Any CPU.ActiveCfg = Release|Any CPU
		{46CA02C9-C6B0-4768-B94B-E74DC019B81A}.Release|Any CPU.Build.0 = Release|Any CPU
		{C28503FB-487F-4B6C-B431-DF7F9A98737E}.Debug|Any CPU.ActiveCfg = Debug|Any CPU
		{C28503FB-487F-4B6C-B431-DF7F9A98737E}.Debug|Any CPU.Build.0 = Debug|Any CPU
		{C28503FB-487F-4B6C-B431-DF7F9A98737E}.Release|Any CPU.ActiveCfg = Release|Any CPU
		{C28503FB-487F-4B6C-B431-DF7F9A98737E}.Release|Any CPU.Build.0 = Release|Any CPU
		{058FDE36-6F8A-43C7-AB98-3C72DF23D7C7}.Debug|Any CPU.ActiveCfg = Debug|Any CPU
		{058FDE36-6F8A-43C7-AB98-3C72DF23D7C7}.Debug|Any CPU.Build.0 = Debug|Any CPU
		{058FDE36-6F8A-43C7-AB98-3C72DF23D7C7}.Release|Any CPU.ActiveCfg = Release|Any CPU
		{058FDE36-6F8A-43C7-AB98-3C72DF23D7C7}.Release|Any CPU.Build.0 = Release|Any CPU
		{5BCF8402-9B31-4ADB-8D86-A80DE04958D9}.Debug|Any CPU.ActiveCfg = Debug|Any CPU
		{5BCF8402-9B31-4ADB-8D86-A80DE04958D9}.Debug|Any CPU.Build.0 = Debug|Any CPU
		{5BCF8402-9B31-4ADB-8D86-A80DE04958D9}.Release|Any CPU.ActiveCfg = Release|Any CPU
		{5BCF8402-9B31-4ADB-8D86-A80DE04958D9}.Release|Any CPU.Build.0 = Release|Any CPU
	EndGlobalSection
	GlobalSection(SolutionProperties) = preSolution
		HideSolutionNode = FALSE
	EndGlobalSection
	GlobalSection(ExtensibilityGlobals) = postSolution
		SolutionGuid = {05F34B1C-4B35-46C9-AB94-8DBE7DA47709}
	EndGlobalSection
EndGlobal
